PODS:
  - ImageViewer (5.0.0)

DEPENDENCIES:
  - ImageViewer (from `https://github.com/MailOnline/ImageViewer.git`, commit `ffe41dffb2ec0d6506d622b10099dc5e5eaeea43`)

EXTERNAL SOURCES:
  ImageViewer:
    :commit: ffe41dffb2ec0d6506d622b10099dc5e5eaeea43
    :git: https://github.com/MailOnline/ImageViewer.git

CHECKOUT OPTIONS:
  ImageViewer:
    :commit: ffe41dffb2ec0d6506d622b10099dc5e5eaeea43
    :git: https://github.com/MailOnline/ImageViewer.git

SPEC CHECKSUMS:
  ImageViewer: 997018c2f4f7f9830602349bbcc3b2b776424942

PODFILE CHECKSUM: 3887b1dae472cf7deca2362a5da6cdaabff2b368

COCOAPODS: 1.7.0.beta.2
